
Microsoft Visual Studio Solution File, Format Version 12.00
# Visual Studio Version 16
VisualStudioVersion = 16.0.30204.135
MinimumVisualStudioVersion = 10.0.40219.1
Project("{FAE04EC0-301F-11D3-BF4B-00C04F79EFBC}") = "ProgramaDynamic", "ProgramaDynamic\ProgramaDynamic.csproj", "{C1D40D8C-1515-4E61-9BB9-1BD6A6140A00}"
EndProject
Project("{2150E333-8FDC-42A3-9474-1A3956D46DE8}") = "Solution Items", "Solution Items", "{80B5FA93-3B88-4A02-8F58-25425974C07E}"
	ProjectSection(SolutionItems) = preProject
		Class1.cs = Class1.cs
	EndProjectSection
EndProject
Global
	GlobalSection(SolutionConfigurationPlatforms) = preSolution
		Debug|Any CPU = Debug|Any CPU
		Release|Any CPU = Release|Any CPU
	EndGlobalSection
	GlobalSection(ProjectConfigurationPlatforms) = postSolution
		{C1D40D8C-1515-4E61-9BB9-1BD6A6140A00}.Debug|Any CPU.ActiveCfg = Debug|Any CPU
		{C1D40D8C-1515-4E61-9BB9-1BD6A6140A00}.Debug|Any CPU.Build.0 = Debug|Any CPU
		{C1D40D8C-1515-4E61-9BB9-1BD6A6140A00}.Release|Any CPU.ActiveCfg = Release|Any CPU
		{C1D40D8C-1515-4E61-9BB9-1BD6A6140A00}.Release|Any CPU.Build.0 = Release|Any CPU
	EndGlobalSection
	GlobalSection(SolutionProperties) = preSolution
		HideSolutionNode = FALSE
	EndGlobalSection
	GlobalSection(ExtensibilityGlobals) = postSolution
		SolutionGuid = {3D5F91FA-B03D-420A-8CBC-EE48288E1809}
	EndGlobalSection
EndGlobal
